
Microsoft Visual Studio Solution File, Format Version 12.00
# Visual Studio Version 17
Project("{8BC9CEB8-8B4A-11D0-8D11-00A0C91BC942}") = "ALL_BUILD", "ALL_BUILD.vcxproj", "{B07EFC9B-4CA4-3E52-860D-F4D4E06AD914}"
	ProjectSection(ProjectDependencies) = postProject
		{88333243-3249-3199-9165-621AF258424D} = {88333243-3249-3199-9165-621AF258424D}
		{1BCE05D7-EAA9-37FF-8CCD-84F3A6DCFC33} = {1BCE05D7-EAA9-37FF-8CCD-84F3A6DCFC33}
		{6EDFE0F1-9B41-30C3-9FD8-5C34A582A0D7} = {6EDFE0F1-9B41-30C3-9FD8-5C34A582A0D7}
		{7C69F0D3-A90E-3140-9E6B-25B04221B136} = {7C69F0D3-A90E-3140-9E6B-25B04221B136}
		{7271695B-0292-33DC-B78A-368FBE3BDF98} = {7271695B-0292-33DC-B78A-368FBE3BDF98}
		{3F76FF1C-0C36-31D1-B53A-C6A1F4DFDAAC} = {3F76FF1C-0C36-31D1-B53A-C6A1F4DFDAAC}
		{1CAF4032-BFD0-3FBE-99DF-E7987C4DA516} = {1CAF4032-BFD0-3FBE-99DF-E7987C4DA516}
		{57A52545-1360-354C-B5E1-11BA002F604F} = {57A52545-1360-354C-B5E1-11BA002F604F}
		{904C4078-8B18-302E-BF94-12BCD841DFD5} = {904C4078-8B18-302E-BF94-12BCD841DFD5}
		{8768E035-17A6-3459-8029-E03D01BFF818} = {8768E035-17A6-3459-8029-E03D01BFF818}
	EndProjectSection
EndProject
Project("{8BC9CEB8-8B4A-11D0-8D11-00A0C91BC942}") = "INSTALL", "INSTALL.vcxproj", "{AA4F1E59-544C-3E51-9C61-1133CA80A2AF}"
	ProjectSection(ProjectDependencies) = postProject
		{B07EFC9B-4CA4-3E52-860D-F4D4E06AD914} = {B07EFC9B-4CA4-3E52-860D-F4D4E06AD914}
		{88333243-3249-3199-9165-621AF258424D} = {88333243-3249-3199-9165-621AF258424D}
	EndProjectSection
EndProject
Project("{8BC9CEB8-8B4A-11D0-8D11-00A0C91BC942}") = "ZERO_CHECK", "..\\ZERO_CHECK.vcxproj", "{88333243-3249-3199-9165-621AF258424D}"
	ProjectSection(ProjectDependencies) = postProject
	EndProjectSection
EndProject
Project("{8BC9CEB8-8B4A-11D0-8D11-00A0C91BC942}") = "basic_c", "..\Common\basic_c.vcxproj", "{BE1D0C25-D9A9-311D-89DC-B48896E61F9D}"
	ProjectSection(ProjectDependencies) = postProject
		{88333243-3249-3199-9165-621AF258424D} = {88333243-3249-3199-9165-621AF258424D}
	EndProjectSection
EndProject
Project("{8BC9CEB8-8B4A-11D0-8D11-00A0C91BC942}") = "gmock", "..\_deps\googletest-build\googlemock\gmock.vcxproj", "{1BCE05D7-EAA9-37FF-8CCD-84F3A6DCFC33}"
	ProjectSection(ProjectDependencies) = postProject
		{88333243-3249-3199-9165-621AF258424D} = {88333243-3249-3199-9165-621AF258424D}
	EndProjectSection
EndProject
Project("{8BC9CEB8-8B4A-11D0-8D11-00A0C91BC942}") = "gmock_main", "..\_deps\googletest-build\googlemock\gmock_main.vcxproj", "{6EDFE0F1-9B41-30C3-9FD8-5C34A582A0D7}"
	ProjectSection(ProjectDependencies) = postProject
		{88333243-3249-3199-9165-621AF258424D} = {88333243-3249-3199-9165-621AF258424D}
	EndProjectSection
EndProject
Project("{8BC9CEB8-8B4A-11D0-8D11-00A0C91BC942}") = "gtest", "..\_deps\googletest-build\googletest\gtest.vcxproj", "{7C69F0D3-A90E-3140-9E6B-25B04221B136}"
	ProjectSection(ProjectDependencies) = postProject
		{88333243-3249-3199-9165-621AF258424D} = {88333243-3249-3199-9165-621AF258424D}
	EndProjectSection
EndProject
Project("{8BC9CEB8-8B4A-11D0-8D11-00A0C91BC942}") = "gtest_main", "..\_deps\googletest-build\googletest\gtest_main.vcxproj", "{7271695B-0292-33DC-B78A-368FBE3BDF98}"
	ProjectSection(ProjectDependencies) = postProject
		{88333243-3249-3199-9165-621AF258424D} = {88333243-3249-3199-9165-621AF258424D}
		{7C69F0D3-A90E-3140-9E6B-25B04221B136} = {7C69F0D3-A90E-3140-9E6B-25B04221B136}
	EndProjectSection
EndProject
Project("{8BC9CEB8-8B4A-11D0-8D11-00A0C91BC942}") = "hello_test", "hello_test.vcxproj", "{3F76FF1C-0C36-31D1-B53A-C6A1F4DFDAAC}"
	ProjectSection(ProjectDependencies) = postProject
		{88333243-3249-3199-9165-621AF258424D} = {88333243-3249-3199-9165-621AF258424D}
		{7C69F0D3-A90E-3140-9E6B-25B04221B136} = {7C69F0D3-A90E-3140-9E6B-25B04221B136}
		{7271695B-0292-33DC-B78A-368FBE3BDF98} = {7271695B-0292-33DC-B78A-368FBE3BDF98}
	EndProjectSection
EndProject
Project("{8BC9CEB8-8B4A-11D0-8D11-00A0C91BC942}") = "search_array", "..\Common\search_array.vcxproj", "{E679C346-6933-3478-B6E8-D645DA9B3275}"
	ProjectSection(ProjectDependencies) = postProject
		{88333243-3249-3199-9165-621AF258424D} = {88333243-3249-3199-9165-621AF258424D}
	EndProjectSection
EndProject
Project("{8BC9CEB8-8B4A-11D0-8D11-00A0C91BC942}") = "test_basic_c", "test_basic_c.vcxproj", "{1CAF4032-BFD0-3FBE-99DF-E7987C4DA516}"
	ProjectSection(ProjectDependencies) = postProject
		{88333243-3249-3199-9165-621AF258424D} = {88333243-3249-3199-9165-621AF258424D}
		{BE1D0C25-D9A9-311D-89DC-B48896E61F9D} = {BE1D0C25-D9A9-311D-89DC-B48896E61F9D}
		{7C69F0D3-A90E-3140-9E6B-25B04221B136} = {7C69F0D3-A90E-3140-9E6B-25B04221B136}
		{7271695B-0292-33DC-B78A-368FBE3BDF98} = {7271695B-0292-33DC-B78A-368FBE3BDF98}
	EndProjectSection
EndProject
Project("{8BC9CEB8-8B4A-11D0-8D11-00A0C91BC942}") = "test_main", "test_main.vcxproj", "{57A52545-1360-354C-B5E1-11BA002F604F}"
	ProjectSection(ProjectDependencies) = postProject
		{88333243-3249-3199-9165-621AF258424D} = {88333243-3249-3199-9165-621AF258424D}
		{7C69F0D3-A90E-3140-9E6B-25B04221B136} = {7C69F0D3-A90E-3140-9E6B-25B04221B136}
		{7271695B-0292-33DC-B78A-368FBE3BDF98} = {7271695B-0292-33DC-B78A-368FBE3BDF98}
	EndProjectSection
EndProject
Project("{8BC9CEB8-8B4A-11D0-8D11-00A0C91BC942}") = "test_search_array_it", "test_search_array_it.vcxproj", "{904C4078-8B18-302E-BF94-12BCD841DFD5}"
	ProjectSection(ProjectDependencies) = postProject
		{88333243-3249-3199-9165-621AF258424D} = {88333243-3249-3199-9165-621AF258424D}
		{7C69F0D3-A90E-3140-9E6B-25B04221B136} = {7C69F0D3-A90E-3140-9E6B-25B04221B136}
		{7271695B-0292-33DC-B78A-368FBE3BDF98} = {7271695B-0292-33DC-B78A-368FBE3BDF98}
		{E679C346-6933-3478-B6E8-D645DA9B3275} = {E679C346-6933-3478-B6E8-D645DA9B3275}
	EndProjectSection
EndProject
Project("{8BC9CEB8-8B4A-11D0-8D11-00A0C91BC942}") = "test_search_array_rec", "test_search_array_rec.vcxproj", "{8768E035-17A6-3459-8029-E03D01BFF818}"
	ProjectSection(ProjectDependencies) = postProject
		{88333243-3249-3199-9165-621AF258424D} = {88333243-3249-3199-9165-621AF258424D}
		{7C69F0D3-A90E-3140-9E6B-25B04221B136} = {7C69F0D3-A90E-3140-9E6B-25B04221B136}
		{7271695B-0292-33DC-B78A-368FBE3BDF98} = {7271695B-0292-33DC-B78A-368FBE3BDF98}
		{E679C346-6933-3478-B6E8-D645DA9B3275} = {E679C346-6933-3478-B6E8-D645DA9B3275}
	EndProjectSection
EndProject
Global
	GlobalSection(SolutionConfigurationPlatforms) = preSolution
		Debug|x64 = Debug|x64
		Release|x64 = Release|x64
		MinSizeRel|x64 = MinSizeRel|x64
		RelWithDebInfo|x64 = RelWithDebInfo|x64
	EndGlobalSection
	GlobalSection(ProjectConfigurationPlatforms) = postSolution
		{B07EFC9B-4CA4-3E52-860D-F4D4E06AD914}.Debug|x64.ActiveCfg = Debug|x64
		{B07EFC9B-4CA4-3E52-860D-F4D4E06AD914}.Debug|x64.Build.0 = Debug|x64
		{B07EFC9B-4CA4-3E52-860D-F4D4E06AD914}.Release|x64.ActiveCfg = Release|x64
		{B07EFC9B-4CA4-3E52-860D-F4D4E06AD914}.Release|x64.Build.0 = Release|x64
		{B07EFC9B-4CA4-3E52-860D-F4D4E06AD914}.MinSizeRel|x64.ActiveCfg = MinSizeRel|x64
		{B07EFC9B-4CA4-3E52-860D-F4D4E06AD914}.MinSizeRel|x64.Build.0 = MinSizeRel|x64
		{B07EFC9B-4CA4-3E52-860D-F4D4E06AD914}.RelWithDebInfo|x64.ActiveCfg = RelWithDebInfo|x64
		{B07EFC9B-4CA4-3E52-860D-F4D4E06AD914}.RelWithDebInfo|x64.Build.0 = RelWithDebInfo|x64
		{AA4F1E59-544C-3E51-9C61-1133CA80A2AF}.Debug|x64.ActiveCfg = Debug|x64
		{AA4F1E59-544C-3E51-9C61-1133CA80A2AF}.Release|x64.ActiveCfg = Release|x64
		{AA4F1E59-544C-3E51-9C61-1133CA80A2AF}.MinSizeRel|x64.ActiveCfg = MinSizeRel|x64
		{AA4F1E59-544C-3E51-9C61-1133CA80A2AF}.RelWithDebInfo|x64.ActiveCfg = RelWithDebInfo|x64
		{88333243-3249-3199-9165-621AF258424D}.Debug|x64.ActiveCfg = Debug|x64
		{88333243-3249-3199-9165-621AF258424D}.Debug|x64.Build.0 = Debug|x64
		{88333243-3249-3199-9165-621AF258424D}.Release|x64.ActiveCfg = Release|x64
		{88333243-3249-3199-9165-621AF258424D}.Release|x64.Build.0 = Release|x64
		{88333243-3249-3199-9165-621AF258424D}.MinSizeRel|x64.ActiveCfg = MinSizeRel|x64
		{88333243-3249-3199-9165-621AF258424D}.MinSizeRel|x64.Build.0 = MinSizeRel|x64
		{88333243-3249-3199-9165-621AF258424D}.RelWithDebInfo|x64.ActiveCfg = RelWithDebInfo|x64
		{88333243-3249-3199-9165-621AF258424D}.RelWithDebInfo|x64.Build.0 = RelWithDebInfo|x64
		{BE1D0C25-D9A9-311D-89DC-B48896E61F9D}.Debug|x64.ActiveCfg = Debug|x64
		{BE1D0C25-D9A9-311D-89DC-B48896E61F9D}.Debug|x64.Build.0 = Debug|x64
		{BE1D0C25-D9A9-311D-89DC-B48896E61F9D}.Release|x64.ActiveCfg = Release|x64
		{BE1D0C25-D9A9-311D-89DC-B48896E61F9D}.Release|x64.Build.0 = Release|x64
		{BE1D0C25-D9A9-311D-89DC-B48896E61F9D}.MinSizeRel|x64.ActiveCfg = MinSizeRel|x64
		{BE1D0C25-D9A9-311D-89DC-B48896E61F9D}.MinSizeRel|x64.Build.0 = MinSizeRel|x64
		{BE1D0C25-D9A9-311D-89DC-B48896E61F9D}.RelWithDebInfo|x64.ActiveCfg = RelWithDebInfo|x64
		{BE1D0C25-D9A9-311D-89DC-B48896E61F9D}.RelWithDebInfo|x64.Build.0 = RelWithDebInfo|x64
		{1BCE05D7-EAA9-37FF-8CCD-84F3A6DCFC33}.Debug|x64.ActiveCfg = Debug|x64
		{1BCE05D7-EAA9-37FF-8CCD-84F3A6DCFC33}.Debug|x64.Build.0 = Debug|x64
		{1BCE05D7-EAA9-37FF-8CCD-84F3A6DCFC33}.Release|x64.ActiveCfg = Release|x64
		{1BCE05D7-EAA9-37FF-8CCD-84F3A6DCFC33}.Release|x64.Build.0 = Release|x64
		{1BCE05D7-EAA9-37FF-8CCD-84F3A6DCFC33}.MinSizeRel|x64.ActiveCfg = MinSizeRel|x64
		{1BCE05D7-EAA9-37FF-8CCD-84F3A6DCFC33}.MinSizeRel|x64.Build.0 = MinSizeRel|x64
		{1BCE05D7-EAA9-37FF-8CCD-84F3A6DCFC33}.RelWithDebInfo|x64.ActiveCfg = RelWithDebInfo|x64
		{1BCE05D7-EAA9-37FF-8CCD-84F3A6DCFC33}.RelWithDebInfo|x64.Build.0 = RelWithDebInfo|x64
		{6EDFE0F1-9B41-30C3-9FD8-5C34A582A0D7}.Debug|x64.ActiveCfg = Debug|x64
		{6EDFE0F1-9B41-30C3-9FD8-5C34A582A0D7}.Debug|x64.Build.0 = Debug|x64
		{6EDFE0F1-9B41-30C3-9FD8-5C34A582A0D7}.Release|x64.ActiveCfg = Release|x64
		{6EDFE0F1-9B41-30C3-9FD8-5C34A582A0D7}.Release|x64.Build.0 = Release|x64
		{6EDFE0F1-9B41-30C3-9FD8-5C34A582A0D7}.MinSizeRel|x64.ActiveCfg = MinSizeRel|x64
		{6EDFE0F1-9B41-30C3-9FD8-5C34A582A0D7}.MinSizeRel|x64.Build.0 = MinSizeRel|x64
		{6EDFE0F1-9B41-30C3-9FD8-5C34A582A0D7}.RelWithDebInfo|x64.ActiveCfg = RelWithDebInfo|x64
		{6EDFE0F1-9B41-30C3-9FD8-5C34A582A0D7}.RelWithDebInfo|x64.Build.0 = RelWithDebInfo|x64
		{7C69F0D3-A90E-3140-9E6B-25B04221B136}.Debug|x64.ActiveCfg = Debug|x64
		{7C69F0D3-A90E-3140-9E6B-25B04221B136}.Debug|x64.Build.0 = Debug|x64
		{7C69F0D3-A90E-3140-9E6B-25B04221B136}.Release|x64.ActiveCfg = Release|x64
		{7C69F0D3-A90E-3140-9E6B-25B04221B136}.Release|x64.Build.0 = Release|x64
		{7C69F0D3-A90E-3140-9E6B-25B04221B136}.MinSizeRel|x64.ActiveCfg = MinSizeRel|x64
		{7C69F0D3-A90E-3140-9E6B-25B04221B136}.MinSizeRel|x64.Build.0 = MinSizeRel|x64
		{7C69F0D3-A90E-3140-9E6B-25B04221B136}.RelWithDebInfo|x64.ActiveCfg = RelWithDebInfo|x64
		{7C69F0D3-A90E-3140-9E6B-25B04221B136}.RelWithDebInfo|x64.Build.0 = RelWithDebInfo|x64
		{7271695B-0292-33DC-B78A-368FBE3BDF98}.Debug|x64.ActiveCfg = Debug|x64
		{7271695B-0292-33DC-B78A-368FBE3BDF98}.Debug|x64.Build.0 = Debug|x64
		{7271695B-0292-33DC-B78A-368FBE3BDF98}.Release|x64.ActiveCfg = Release|x64
		{7271695B-0292-33DC-B78A-368FBE3BDF98}.Release|x64.Build.0 = Release|x64
		{7271695B-0292-33DC-B78A-368FBE3BDF98}.MinSizeRel|x64.ActiveCfg = MinSizeRel|x64
		{7271695B-0292-33DC-B78A-368FBE3BDF98}.MinSizeRel|x64.Build.0 = MinSizeRel|x64
		{7271695B-0292-33DC-B78A-368FBE3BDF98}.RelWithDebInfo|x64.ActiveCfg = RelWithDebInfo|x64
		{7271695B-0292-33DC-B78A-368FBE3BDF98}.RelWithDebInfo|x64.Build.0 = RelWithDebInfo|x64
		{3F76FF1C-0C36-31D1-B53A-C6A1F4DFDAAC}.Debug|x64.ActiveCfg = Debug|x64
		{3F76FF1C-0C36-31D1-B53A-C6A1F4DFDAAC}.Debug|x64.Build.0 = Debug|x64
		{3F76FF1C-0C36-31D1-B53A-C6A1F4DFDAAC}.Release|x64.ActiveCfg = Release|x64
		{3F76FF1C-0C36-31D1-B53A-C6A1F4DFDAAC}.Release|x64.Build.0 = Release|x64
		{3F76FF1C-0C36-31D1-B53A-C6A1F4DFDAAC}.MinSizeRel|x64.ActiveCfg = MinSizeRel|x64
		{3F76FF1C-0C36-31D1-B53A-C6A1F4DFDAAC}.MinSizeRel|x64.Build.0 = MinSizeRel|x64
		{3F76FF1C-0C36-31D1-B53A-C6A1F4DFDAAC}.RelWithDebInfo|x64.ActiveCfg = RelWithDebInfo|x64
		{3F76FF1C-0C36-31D1-B53A-C6A1F4DFDAAC}.RelWithDebInfo|x64.Build.0 = RelWithDebInfo|x64
		{E679C346-6933-3478-B6E8-D645DA9B3275}.Debug|x64.ActiveCfg = Debug|x64
		{E679C346-6933-3478-B6E8-D645DA9B3275}.Debug|x64.Build.0 = Debug|x64
		{E679C346-6933-3478-B6E8-D645DA9B3275}.Release|x64.ActiveCfg = Release|x64
		{E679C346-6933-3478-B6E8-D645DA9B3275}.Release|x64.Build.0 = Release|x64
		{E679C346-6933-3478-B6E8-D645DA9B3275}.MinSizeRel|x64.ActiveCfg = MinSizeRel|x64
		{E679C346-6933-3478-B6E8-D645DA9B3275}.MinSizeRel|x64.Build.0 = MinSizeRel|x64
		{E679C346-6933-3478-B6E8-D645DA9B3275}.RelWithDebInfo|x64.ActiveCfg = RelWithDebInfo|x64
		{E679C346-6933-3478-B6E8-D645DA9B3275}.RelWithDebInfo|x64.Build.0 = RelWithDebInfo|x64
		{1CAF4032-BFD0-3FBE-99DF-E7987C4DA516}.Debug|x64.ActiveCfg = Debug|x64
		{1CAF4032-BFD0-3FBE-99DF-E7987C4DA516}.Debug|x64.Build.0 = Debug|x64
		{1CAF4032-BFD0-3FBE-99DF-E7987C4DA516}.Release|x64.ActiveCfg = Release|x64
		{1CAF4032-BFD0-3FBE-99DF-E7987C4DA516}.Release|x64.Build.0 = Release|x64
		{1CAF4032-BFD0-3FBE-99DF-E7987C4DA516}.MinSizeRel|x64.ActiveCfg = MinSizeRel|x64
		{1CAF4032-BFD0-3FBE-99DF-E7987C4DA516}.MinSizeRel|x64.Build.0 = MinSizeRel|x64
		{1CAF4032-BFD0-3FBE-99DF-E7987C4DA516}.RelWithDebInfo|x64.ActiveCfg = RelWithDebInfo|x64
		{1CAF4032-BFD0-3FBE-99DF-E7987C4DA516}.RelWithDebInfo|x64.Build.0 = RelWithDebInfo|x64
		{57A52545-1360-354C-B5E1-11BA002F604F}.Debug|x64.ActiveCfg = Debug|x64
		{57A52545-1360-354C-B5E1-11BA002F604F}.Debug|x64.Build.0 = Debug|x64
		{57A52545-1360-354C-B5E1-11BA002F604F}.Release|x64.ActiveCfg = Release|x64
		{57A52545-1360-354C-B5E1-11BA002F604F}.Release|x64.Build.0 = Release|x64
		{57A52545-1360-354C-B5E1-11BA002F604F}.MinSizeRel|x64.ActiveCfg = MinSizeRel|x64
		{57A52545-1360-354C-B5E1-11BA002F604F}.MinSizeRel|x64.Build.0 = MinSizeRel|x64
		{57A52545-1360-354C-B5E1-11BA002F604F}.RelWithDebInfo|x64.ActiveCfg = RelWithDebInfo|x64
		{57A52545-1360-354C-B5E1-11BA002F604F}.RelWithDebInfo|x64.Build.0 = RelWithDebInfo|x64
		{904C4078-8B18-302E-BF94-12BCD841DFD5}.Debug|x64.ActiveCfg = Debug|x64
		{904C4078-8B18-302E-BF94-12BCD841DFD5}.Debug|x64.Build.0 = Debug|x64
		{904C4078-8B18-302E-BF94-12BCD841DFD5}.Release|x64.ActiveCfg = Release|x64
		{904C4078-8B18-302E-BF94-12BCD841DFD5}.Release|x64.Build.0 = Release|x64
		{904C4078-8B18-302E-BF94-12BCD841DFD5}.MinSizeRel|x64.ActiveCfg = MinSizeRel|x64
		{904C4078-8B18-302E-BF94-12BCD841DFD5}.MinSizeRel|x64.Build.0 = MinSizeRel|x64
		{904C4078-8B18-302E-BF94-12BCD841DFD5}.RelWithDebInfo|x64.ActiveCfg = RelWithDebInfo|x64
		{904C4078-8B18-302E-BF94-12BCD841DFD5}.RelWithDebInfo|x64.Build.0 = RelWithDebInfo|x64
		{8768E035-17A6-3459-8029-E03D01BFF818}.Debug|x64.ActiveCfg = Debug|x64
		{8768E035-17A6-3459-8029-E03D01BFF818}.Debug|x64.Build.0 = Debug|x64
		{8768E035-17A6-3459-8029-E03D01BFF818}.Release|x64.ActiveCfg = Release|x64
		{8768E035-17A6-3459-8029-E03D01BFF818}.Release|x64.Build.0 = Release|x64
		{8768E035-17A6-3459-8029-E03D01BFF818}.MinSizeRel|x64.ActiveCfg = MinSizeRel|x64
		{8768E035-17A6-3459-8029-E03D01BFF818}.MinSizeRel|x64.Build.0 = MinSizeRel|x64
		{8768E035-17A6-3459-8029-E03D01BFF818}.RelWithDebInfo|x64.ActiveCfg = RelWithDebInfo|x64
		{8768E035-17A6-3459-8029-E03D01BFF818}.RelWithDebInfo|x64.Build.0 = RelWithDebInfo|x64
	EndGlobalSection
	GlobalSection(ExtensibilityGlobals) = postSolution
		SolutionGuid = {98D7D890-745E-3331-990D-A0A527A6FA46}
	EndGlobalSection
	GlobalSection(ExtensibilityAddIns) = postSolution
	EndGlobalSection
EndGlobal
